
Microsoft Visual Studio Solution File, Format Version 12.00
# Visual Studio Version 17
VisualStudioVersion = 17.9.34902.65
MinimumVisualStudioVersion = 10.0.40219.1
Project("{FAE04EC0-301F-11D3-BF4B-00C04F79EFBC}") = "Uzduotis01", "Uzduotis01\Uzduotis01.csproj", "{802026A2-9C5F-4091-A2EB-C98EA4CF411E}"
EndProject
Global
	GlobalSection(SolutionConfigurationPlatforms) = preSolution
		Debug|Any CPU = Debug|Any CPU
		Release|Any CPU = Release|Any CPU
	EndGlobalSection
	GlobalSection(ProjectConfigurationPlatforms) = postSolution
		{802026A2-9C5F-4091-A2EB-C98EA4CF411E}.Debug|Any CPU.ActiveCfg = Debug|Any CPU
		{802026A2-9C5F-4091-A2EB-C98EA4CF411E}.Debug|Any CPU.Build.0 = Debug|Any CPU
		{802026A2-9C5F-4091-A2EB-C98EA4CF411E}.Release|Any CPU.ActiveCfg = Release|Any CPU
		{802026A2-9C5F-4091-A2EB-C98EA4CF411E}.Release|Any CPU.Build.0 = Release|Any CPU
	EndGlobalSection
	GlobalSection(SolutionProperties) = preSolution
		HideSolutionNode = FALSE
	EndGlobalSection
	GlobalSection(ExtensibilityGlobals) = postSolution
		SolutionGuid = {E1A27CCC-0B43-42D4-BCE8-666699D151A1}
	EndGlobalSection
EndGlobal
